
Microsoft Visual Studio Solution File, Format Version 12.00
# Visual Studio Version 17
VisualStudioVersion = 17.10.34928.147
MinimumVisualStudioVersion = 10.0.40219.1
Project("{FAE04EC0-301F-11D3-BF4B-00C04F79EFBC}") = "Bai1", "Bai1\Bai1.csproj", "{2316D04C-ACEB-455F-9053-24A9BE82CB3F}"
EndProject
Project("{FAE04EC0-301F-11D3-BF4B-00C04F79EFBC}") = "B2", "B2\B2.csproj", "{2A00778C-3B01-48B4-B974-7FD32C332CD6}"
EndProject
Project("{FAE04EC0-301F-11D3-BF4B-00C04F79EFBC}") = "B3", "B3\B3.csproj", "{4CB7E41B-771A-4E71-AAB1-8B4662CA4DFB}"
EndProject
Project("{FAE04EC0-301F-11D3-BF4B-00C04F79EFBC}") = "B4", "B4\B4.csproj", "{29BF7AB1-D07B-4A79-99D1-1C67FCC701C7}"
EndProject
Project("{FAE04EC0-301F-11D3-BF4B-00C04F79EFBC}") = "B5", "B5\B5.csproj", "{D1D1DC95-79B2-4AC2-B272-FE9654E5E3B8}"
EndProject
Project("{FAE04EC0-301F-11D3-BF4B-00C04F79EFBC}") = "B6", "B6\B6.csproj", "{DCEFC2A3-3F45-45E1-B8B2-2BC4AC8F013E}"
EndProject
Global
	GlobalSection(SolutionConfigurationPlatforms) = preSolution
		Debug|Any CPU = Debug|Any CPU
		Release|Any CPU = Release|Any CPU
	EndGlobalSection
	GlobalSection(ProjectConfigurationPlatforms) = postSolution
		{2316D04C-ACEB-455F-9053-24A9BE82CB3F}.Debug|Any CPU.ActiveCfg = Debug|Any CPU
		{2316D04C-ACEB-455F-9053-24A9BE82CB3F}.Debug|Any CPU.Build.0 = Debug|Any CPU
		{2316D04C-ACEB-455F-9053-24A9BE82CB3F}.Release|Any CPU.ActiveCfg = Release|Any CPU
		{2316D04C-ACEB-455F-9053-24A9BE82CB3F}.Release|Any CPU.Build.0 = Release|Any CPU
		{2A00778C-3B01-48B4-B974-7FD32C332CD6}.Debug|Any CPU.ActiveCfg = Debug|Any CPU
		{2A00778C-3B01-48B4-B974-7FD32C332CD6}.Debug|Any CPU.Build.0 = Debug|Any CPU
		{2A00778C-3B01-48B4-B974-7FD32C332CD6}.Release|Any CPU.ActiveCfg = Release|Any CPU
		{2A00778C-3B01-48B4-B974-7FD32C332CD6}.Release|Any CPU.Build.0 = Release|Any CPU
		{4CB7E41B-771A-4E71-AAB1-8B4662CA4DFB}.Debug|Any CPU.ActiveCfg = Debug|Any CPU
		{4CB7E41B-771A-4E71-AAB1-8B4662CA4DFB}.Debug|Any CPU.Build.0 = Debug|Any CPU
		{4CB7E41B-771A-4E71-AAB1-8B4662CA4DFB}.Release|Any CPU.ActiveCfg = Release|Any CPU
		{4CB7E41B-771A-4E71-AAB1-8B4662CA4DFB}.Release|Any CPU.Build.0 = Release|Any CPU
		{29BF7AB1-D07B-4A79-99D1-1C67FCC701C7}.Debug|Any CPU.ActiveCfg = Debug|Any CPU
		{29BF7AB1-D07B-4A79-99D1-1C67FCC701C7}.Debug|Any CPU.Build.0 = Debug|Any CPU
		{29BF7AB1-D07B-4A79-99D1-1C67FCC701C7}.Release|Any CPU.ActiveCfg = Release|Any CPU
		{29BF7AB1-D07B-4A79-99D1-1C67FCC701C7}.Release|Any CPU.Build.0 = Release|Any CPU
		{D1D1DC95-79B2-4AC2-B272-FE9654E5E3B8}.Debug|Any CPU.ActiveCfg = Debug|Any CPU
		{D1D1DC95-79B2-4AC2-B272-FE9654E5E3B8}.Debug|Any CPU.Build.0 = Debug|Any CPU
		{D1D1DC95-79B2-4AC2-B272-FE9654E5E3B8}.Release|Any CPU.ActiveCfg = Release|Any CPU
		{D1D1DC95-79B2-4AC2-B272-FE9654E5E3B8}.Release|Any CPU.Build.0 = Release|Any CPU
		{DCEFC2A3-3F45-45E1-B8B2-2BC4AC8F013E}.Debug|Any CPU.ActiveCfg = Debug|Any CPU
		{DCEFC2A3-3F45-45E1-B8B2-2BC4AC8F013E}.Debug|Any CPU.Build.0 = Debug|Any CPU
		{DCEFC2A3-3F45-45E1-B8B2-2BC4AC8F013E}.Release|Any CPU.ActiveCfg = Release|Any CPU
		{DCEFC2A3-3F45-45E1-B8B2-2BC4AC8F013E}.Release|Any CPU.Build.0 = Release|Any CPU
	EndGlobalSection
	GlobalSection(SolutionProperties) = preSolution
		HideSolutionNode = FALSE
	EndGlobalSection
	GlobalSection(ExtensibilityGlobals) = postSolution
		SolutionGuid = {300B3C43-021C-4AC3-901F-55B79F95B683}
	EndGlobalSection
EndGlobal
